
Microsoft Visual Studio Solution File, Format Version 12.00
# Visual Studio Version 16
VisualStudioVersion = 16.0.29409.12
MinimumVisualStudioVersion = 10.0.40219.1
Project("{FAE04EC0-301F-11D3-BF4B-00C04F79EFBC}") = "DebtTracker", "DebtTracker\DebtTracker.csproj", "{1289442D-D588-473C-883A-159EF61BBE34}"
EndProject
Global
	GlobalSection(SolutionConfigurationPlatforms) = preSolution
		Debug|Any CPU = Debug|Any CPU
		Release|Any CPU = Release|Any CPU
	EndGlobalSection
	GlobalSection(ProjectConfigurationPlatforms) = postSolution
		{1289442D-D588-473C-883A-159EF61BBE34}.Debug|Any CPU.ActiveCfg = Debug|Any CPU
		{1289442D-D588-473C-883A-159EF61BBE34}.Debug|Any CPU.Build.0 = Debug|Any CPU
		{1289442D-D588-473C-883A-159EF61BBE34}.Release|Any CPU.ActiveCfg = Release|Any CPU
		{1289442D-D588-473C-883A-159EF61BBE34}.Release|Any CPU.Build.0 = Release|Any CPU
	EndGlobalSection
	GlobalSection(SolutionProperties) = preSolution
		HideSolutionNode = FALSE
	EndGlobalSection
	GlobalSection(ExtensibilityGlobals) = postSolution
		SolutionGuid = {90117270-60F0-4B84-9722-33013E1A364A}
	EndGlobalSection
EndGlobal
